
Microsoft Visual Studio Solution File, Format Version 12.00
# Visual Studio Version 17
VisualStudioVersion = 17.14.37216.2 d17.14
MinimumVisualStudioVersion = 10.0.40219.1
Project("{FAE04EC0-301F-11D3-BF4B-00C04F79EFBC}") = "DrugiProjekat", "DrugiProjekat\DrugiProjekat.csproj", "{5A73C2EA-6C74-45C2-8462-BB345F101EC1}"
EndProject
Global
	GlobalSection(SolutionConfigurationPlatforms) = preSolution
		Debug|Any CPU = Debug|Any CPU
		Release|Any CPU = Release|Any CPU
	EndGlobalSection
	GlobalSection(ProjectConfigurationPlatforms) = postSolution
		{5A73C2EA-6C74-45C2-8462-BB345F101EC1}.Debug|Any CPU.ActiveCfg = Debug|Any CPU
		{5A73C2EA-6C74-45C2-8462-BB345F101EC1}.Debug|Any CPU.Build.0 = Debug|Any CPU
		{5A73C2EA-6C74-45C2-8462-BB345F101EC1}.Release|Any CPU.ActiveCfg = Release|Any CPU
		{5A73C2EA-6C74-45C2-8462-BB345F101EC1}.Release|Any CPU.Build.0 = Release|Any CPU
	EndGlobalSection
	GlobalSection(SolutionProperties) = preSolution
		HideSolutionNode = FALSE
	EndGlobalSection
	GlobalSection(ExtensibilityGlobals) = postSolution
		SolutionGuid = {E13C53FA-083C-4543-96D7-863133C4CE4F}
	EndGlobalSection
EndGlobal
